
Microsoft Visual Studio Solution File, Format Version 12.00
# Visual Studio Version 16
VisualStudioVersion = 16.0.30907.101
MinimumVisualStudioVersion = 10.0.40219.1
Project("{FAE04EC0-301F-11D3-BF4B-00C04F79EFBC}") = "Lap_2_Basic Algorithm", "Lap_2_Basic Algorithm.csproj", "{F4232A9C-1762-493C-8B21-BEE433C70B02}"
EndProject
Global
	GlobalSection(SolutionConfigurationPlatforms) = preSolution
		Debug|Any CPU = Debug|Any CPU
		Release|Any CPU = Release|Any CPU
	EndGlobalSection
	GlobalSection(ProjectConfigurationPlatforms) = postSolution
		{F4232A9C-1762-493C-8B21-BEE433C70B02}.Debug|Any CPU.ActiveCfg = Debug|Any CPU
		{F4232A9C-1762-493C-8B21-BEE433C70B02}.Debug|Any CPU.Build.0 = Debug|Any CPU
		{F4232A9C-1762-493C-8B21-BEE433C70B02}.Release|Any CPU.ActiveCfg = Release|Any CPU
		{F4232A9C-1762-493C-8B21-BEE433C70B02}.Release|Any CPU.Build.0 = Release|Any CPU
	EndGlobalSection
	GlobalSection(SolutionProperties) = preSolution
		HideSolutionNode = FALSE
	EndGlobalSection
	GlobalSection(ExtensibilityGlobals) = postSolution
		SolutionGuid = {699B3A9A-74F9-484F-8381-66FB8B977A68}
	EndGlobalSection
EndGlobal
